
Microsoft Visual Studio Solution File, Format Version 12.00
# Visual Studio Version 17
VisualStudioVersion = 17.9.34714.143
MinimumVisualStudioVersion = 10.0.40219.1
Project("{2150E333-8FDC-42A3-9474-1A3956D46DE8}") = "Services", "Services", "{BDEC548D-66A3-4B78-B712-0B2C1B1675B9}"
EndProject
Project("{2150E333-8FDC-42A3-9474-1A3956D46DE8}") = "Catalog", "Catalog", "{1A313772-E876-4D63-A070-4D9E9E0D9770}"
EndProject
Project("{FAE04EC0-301F-11D3-BF4B-00C04F79EFBC}") = "Catalog.API", "Services\Catalog\Catalog.API\Catalog.API.csproj", "{B921AD71-181E-49CD-ABDB-4BA0191D4B3F}"
EndProject
Global
	GlobalSection(SolutionConfigurationPlatforms) = preSolution
		Debug|Any CPU = Debug|Any CPU
		Release|Any CPU = Release|Any CPU
	EndGlobalSection
	GlobalSection(ProjectConfigurationPlatforms) = postSolution
		{B921AD71-181E-49CD-ABDB-4BA0191D4B3F}.Debug|Any CPU.ActiveCfg = Debug|Any CPU
		{B921AD71-181E-49CD-ABDB-4BA0191D4B3F}.Debug|Any CPU.Build.0 = Debug|Any CPU
		{B921AD71-181E-49CD-ABDB-4BA0191D4B3F}.Release|Any CPU.ActiveCfg = Release|Any CPU
		{B921AD71-181E-49CD-ABDB-4BA0191D4B3F}.Release|Any CPU.Build.0 = Release|Any CPU
	EndGlobalSection
	GlobalSection(SolutionProperties) = preSolution
		HideSolutionNode = FALSE
	EndGlobalSection
	GlobalSection(NestedProjects) = preSolution
		{1A313772-E876-4D63-A070-4D9E9E0D9770} = {BDEC548D-66A3-4B78-B712-0B2C1B1675B9}
		{B921AD71-181E-49CD-ABDB-4BA0191D4B3F} = {1A313772-E876-4D63-A070-4D9E9E0D9770}
	EndGlobalSection
	GlobalSection(ExtensibilityGlobals) = postSolution
		SolutionGuid = {480EC736-548A-4E06-B02C-03423BA1C428}
	EndGlobalSection
EndGlobal
